// !$*UTF8*$!
{
	archiveVersion = 1;
	classes = {
	};
	objectVersion = 46;
	objects = {

/* Begin PBXBuildFile section */
		5B05895B1D104DF7002853B0 /* AppDelegate.swift in Sources */ = {isa = PBXBuildFile; fileRef = 5B05895A1D104DF7002853B0 /* AppDelegate.swift */; };
		5B05895D1D104DF7002853B0 /* ViewController.swift in Sources */ = {isa = PBXBuildFile; fileRef = 5B05895C1D104DF7002853B0 /* ViewController.swift */; };
		5B0589601D104DF7002853B0 /* Main.storyboard in Resources */ = {isa = PBXBuildFile; fileRef = 5B05895E1D104DF7002853B0 /* Main.storyboard */; };
		5B0589621D104DF7002853B0 /* Assets.xcassets in Resources */ = {isa = PBXBuildFile; fileRef = 5B0589611D104DF7002853B0 /* Assets.xcassets */; };
		5B0589651D104DF7002853B0 /* LaunchScreen.storyboard in Resources */ = {isa = PBXBuildFile; fileRef = 5B0589631D104DF7002853B0 /* LaunchScreen.storyboard */; };
/* End PBXBuildFile section */

/* Begin PBXFileReference section */
		5B0589571D104DF7002853B0 /* FunlabStuff.app */ = {isa = PBXFileReference; explicitFileType = wrapper.application; includeInIndex = 0; path = FunlabStuff.app; sourceTree = BUILT_PRODUCTS_DIR; };
		5B05895A1D104DF7002853B0 /* AppDelegate.swift */ = {isa = PBXFileReference; lastKnownFileType = sourcecode.swift; path = AppDelegate.swift; sourceTree = "<group>"; };
		5B05895C1D104DF7002853B0 /* ViewController.swift */ = {isa = PBXFileReference; lastKnownFileType = sourcecode.swift; path = ViewController.swift; sourceTree = "<group>"; };
		5B05895F1D104DF7002853B0 /* Base */ = {isa = PBXFileReference; lastKnownFileType = file.storyboard; name = Base; path = Base.lproj/Main.storyboard; sourceTree = "<group>"; };
		5B0589611D104DF7002853B0 /* Assets.xcassets */ = {isa = PBXFileReference; lastKnownFileType = folder.assetcatalog; path = Assets.xcassets; sourceTree = "<group>"; };
		5B0589641D104DF7002853B0 /* Base */ = {isa = PBXFileReference; lastKnownFileType = file.storyboard; name = Base; path = Base.lproj/LaunchScreen.storyboard; sourceTree = "<group>"; };
		5B0589661D104DF7002853B0 /* Info.plist */ = {isa = PBXFileReference; lastKnownFileType = text.plist.xml; path = Info.plist; sourceTree = "<group>"; };
/* End PBXFileReference section */

/* Begin PBXFrameworksBuildPhase section */
		5B0589541D104DF7002853B0 /* Frameworks */ = {
			isa = PBXFrameworksBuildPhase;
			buildActionMask = 2147483647;
			files = (
			);
			runOnlyForDeploymentPostprocessing = 0;
		};
/* End PBXFrameworksBuildPhase section */

/* Begin PBXGroup section */
		5B05894E1D104DF7002853B0 = {
			isa = PBXGroup;
			children = (
				5B0589591D104DF7002853B0 /* FunlabStuff */,
				5B0589581D104DF7002853B0 /* Products */,
			);
			sourceTree = "<group>";
		};
		5B0589581D104DF7002853B0 /* Products */ = {
			isa = PBXGroup;
			children = (
				5B0589571D104DF7002853B0 /* FunlabStuff.app */,
			);
			name = Products;
			sourceTree = "<group>";
		};
		5B0589591D104DF7002853B0 /* FunlabStuff */ = {
			isa = PBXGroup;
			children = (
				5B05895A1D104DF7002853B0 /* AppDelegate.swift */,
				5B05895C1D104DF7002853B0 /* ViewController.swift */,
				5B05895E1D104DF7002853B0 /* Main.storyboard */,
				5B0589611D104DF7002853B0 /* Assets.xcassets */,
				5B0589631D104DF7002853B0 /* LaunchScreen.storyboard */,
				5B0589661D104DF7002853B0 /* Info.plist */,
			);
			path = FunlabStuff;
			sourceTree = "<group>";
		};
/* End PBXGroup section */

/* Begin PBXNativeTarget section */
		5B0589561D104DF7002853B0 /* FunlabStuff */ = {
			isa = PBXNativeTarget;
			buildConfigurationList = 5B0589691D104DF7002853B0 /* Build configuration list for PBXNativeTarget "FunlabStuff" */;
			buildPhases = (
				5B0589531D104DF7002853B0 /* Sources */,
				5B0589541D104DF7002853B0 /* Frameworks */,
				5B0589551D104DF7002853B0 /* Resources */,
			);
			buildRules = (
			);
			dependencies = (
			);
			name = FunlabStuff;
			productName = FunlabStuff;
			productReference = 5B0589571D104DF7002853B0 /* FunlabStuff.app */;
			productType = "com.apple.product-type.application";
		};
/* End PBXNativeTarget section */

/* Begin PBXProject section */
		5B05894F1D104DF7002853B0 /* Project object */ = {
			isa = PBXProject;
			attributes = {
				LastSwiftUpdateCheck = 0730;
				LastUpgradeCheck = 0730;
				ORGANIZATIONNAME = "Flatiron School";
				TargetAttributes = {
					5B0589561D104DF7002853B0 = {
						CreatedOnToolsVersion = 7.3.1;
					};
				};
			};
			buildConfigurationList = 5B0589521D104DF7002853B0 /* Build configuration list for PBXProject "FunlabStuff" */;
			compatibilityVersion = "Xcode 3.2";
			developmentRegion = English;
			hasScannedForEncodings = 0;
			knownRegions = (
				en,
				Base,
			);
			mainGroup = 5B05894E1D104DF7002853B0;
			productRefGroup = 5B0589581D104DF7002853B0 /* Products */;
			projectDirPath = "";
			projectRoot = "";
			targets = (
				5B0589561D104DF7002853B0 /* FunlabStuff */,
			);
		};
/* End PBXProject section */

/* Begin PBXResourcesBuildPhase section */
		5B0589551D104DF7002853B0 /* Resources */ = {
			isa = PBXResourcesBuildPhase;
			buildActionMask = 2147483647;
			files = (
				5B0589651D104DF7002853B0 /* LaunchScreen.storyboard in Resources */,
				5B0589621D104DF7002853B0 /* Assets.xcassets in Resources */,
				5B0589601D104DF7002853B0 /* Main.storyboard in Resources */,
			);
			runOnlyForDeploymentPostprocessing = 0;
		};
/* End PBXResourcesBuildPhase section */

/* Begin PBXSourcesBuildPhase section */
		5B0589531D104DF7002853B0 /* Sources */ = {
			isa = PBXSourcesBuildPhase;
			buildActionMask = 2147483647;
			files = (
				5B05895D1D104DF7002853B0 /* ViewController.swift in Sources */,
				5B05895B1D104DF7002853B0 /* AppDelegate.swift in Sources */,
			);
			runOnlyForDeploymentPostprocessing = 0;
		};
/* End PBXSourcesBuildPhase section */

/* Begin PBXVariantGroup section */
		5B05895E1D104DF7002853B0 /* Main.storyboard */ = {
			isa = PBXVariantGroup;
			children = (
				5B05895F1D104DF7002853B0 /* Base */,
			);
			name = Main.storyboard;
			sourceTree = "<group>";
		};
		5B0589631D104DF7002853B0 /* LaunchScreen.storyboard */ = {
			isa = PBXVariantGroup;
			children = (
				5B0589641D104DF7002853B0 /* Base */,
			);
			name = LaunchScreen.storyboard;
			sourceTree = "<group>";
		};
/* End PBXVariantGroup section */

/* Begin XCBuildConfiguration section */
		5B0589671D104DF7002853B0 /* Debug */ = {
			isa = XCBuildConfiguration;
			buildSettings = {
				ALWAYS_SEARCH_USER_PATHS = NO;
				CLANG_ANALYZER_NONNULL = YES;
				CLANG_CXX_LANGUAGE_STANDARD = "gnu++0x";
				CLANG_CXX_LIBRARY = "libc++";
				CLANG_ENABLE_MODULES = YES;
				CLANG_ENABLE_OBJC_ARC = YES;
				CLANG_WARN_BOOL_CONVERSION = YES;
				CLANG_WARN_CONSTANT_CONVERSION = YES;
				CLANG_WARN_DIRECT_OBJC_ISA_USAGE = YES_ERROR;
				CLANG_WARN_EMPTY_BODY = YES;
				CLANG_WARN_ENUM_CONVERSION = YES;
				CLANG_WARN_INT_CONVERSION = YES;
				CLANG_WARN_OBJC_ROOT_CLASS = YES_ERROR;
				CLANG_WARN_UNREACHABLE_CODE = YES;
				CLANG_WARN__DUPLICATE_METHOD_MATCH = YES;
				"CODE_SIGN_IDENTITY[sdk=iphoneos*]" = "iPhone Developer";
				COPY_PHASE_STRIP = NO;
				DEBUG_INFORMATION_FORMAT = dwarf;
				ENABLE_STRICT_OBJC_MSGSEND = YES;
				ENABLE_TESTABILITY = YES;
				GCC_C_LANGUAGE_STANDARD = gnu99;
				GCC_DYNAMIC_NO_PIC = NO;
				GCC_NO_COMMON_BLOCKS = YES;
				GCC_OPTIMIZATION_LEVEL = 0;
				GCC_PREPROCESSOR_DEFINITIONS = (
					"DEBUG=1",
					"$(inherited)",
				);
				GCC_WARN_64_TO_32_BIT_CONVERSION = YES;
				GCC_WARN_ABOUT_RETURN_TYPE = YES_ERROR;
				GCC_WARN_UNDECLARED_SELECTOR = YES;
				GCC_WARN_UNINITIALIZED_AUTOS = YES_AGGRESSIVE;
				GCC_WARN_UNUSED_FUNCTION = YES;
				GCC_WARN_UNUSED_VARIABLE = YES;
				IPHONEOS_DEPLOYMENT_TARGET = 9.3;
				MTL_ENABLE_DEBUG_INFO = YES;
				ONLY_ACTIVE_ARCH = YES;
				SDKROOT = iphoneos;
				SWIFT_OPTIMIZATION_LEVEL = "-Onone";
			};
			name = Debug;
		};
		5B0589681D104DF7002853B0 /* Release */ = {
			isa = XCBuildConfiguration;
			buildSettings = {
				ALWAYS_SEARCH_USER_PATHS = NO;
				CLANG_ANALYZER_NONNULL = YES;
				CLANG_CXX_LANGUAGE_STANDARD = "gnu++0x";
				CLANG_CXX_LIBRARY = "libc++";
				CLANG_ENABLE_MODULES = YES;
				CLANG_ENABLE_OBJC_ARC = YES;
				CLANG_WARN_BOOL_CONVERSION = YES;
				CLANG_WARN_CONSTANT_CONVERSION = YES;
				CLANG_WARN_DIRECT_OBJC_ISA_USAGE = YES_ERROR;
				CLANG_WARN_EMPTY_BODY = YES;
				CLANG_WARN_ENUM_CONVERSION = YES;
				CLANG_WARN_INT_CONVERSION = YES;
				CLANG_WARN_OBJC_ROOT_CLASS = YES_ERROR;
				CLANG_WARN_UNREACHABLE_CODE = YES;
				CLANG_WARN__DUPLICATE_METHOD_MATCH = YES;
				"CODE_SIGN_IDENTITY[sdk=iphoneos*]" = "iPhone Developer";
				COPY_PHASE_STRIP = NO;
				DEBUG_INFORMATION_FORMAT = "dwarf-with-dsym";
				ENABLE_NS_ASSERTIONS = NO;
				ENABLE_STRICT_OBJC_MSGSEND = YES;
				GCC_C_LANGUAGE_STANDARD = gnu99;
				GCC_NO_COMMON_BLOCKS = YES;
				GCC_WARN_64_TO_32_BIT_CONVERSION = YES;
				GCC_WARN_ABOUT_RETURN_TYPE = YES_ERROR;
				GCC_WARN_UNDECLARED_SELECTOR = YES;
				GCC_WARN_UNINITIALIZED_AUTOS = YES_AGGRESSIVE;
				GCC_WARN_UNUSED_FUNCTION = YES;
				GCC_WARN_UNUSED_VARIABLE = YES;
				IPHONEOS_DEPLOYMENT_TARGET = 9.3;
				MTL_ENABLE_DEBUG_INFO = NO;
				SDKROOT = iphoneos;
				VALIDATE_PRODUCT = YES;
			};
			name = Release;
		};
		5B05896A1D104DF7002853B0 /* Debug */ = {
			isa = XCBuildConfiguration;
			buildSettings = {
				ASSETCATALOG_COMPILER_APPICON_NAME = AppIcon;
				INFOPLIST_FILE = FunlabStuff/Info.plist;
				LD_RUNPATH_SEARCH_PATHS = "$(inherited) @executable_path/Frameworks";
				PRODUCT_BUNDLE_IDENTIFIER = com.flatironSchool.FunlabStuff;
				PRODUCT_NAME = "$(TARGET_NAME)";
			};
			name = Debug;
		};
		5B05896B1D104DF7002853B0 /* Release */ = {
			isa = XCBuildConfiguration;
			buildSettings = {
				ASSETCATALOG_COMPILER_APPICON_NAME = AppIcon;
				INFOPLIST_FILE = FunlabStuff/Info.plist;
				LD_RUNPATH_SEARCH_PATHS = "$(inherited) @executable_path/Frameworks";
				PRODUCT_BUNDLE_IDENTIFIER = com.flatironSchool.FunlabStuff;
				PRODUCT_NAME = "$(TARGET_NAME)";
			};
			name = Release;
		};
/* End XCBuildConfiguration section */

/* Begin XCConfigurationList section */
		5B0589521D104DF7002853B0 /* Build configuration list for PBXProject "FunlabStuff" */ = {
			isa = XCConfigurationList;
			buildConfigurations = (
				5B0589671D104DF7002853B0 /* Debug */,
				5B0589681D104DF7002853B0 /* Release */,
			);
			defaultConfigurationIsVisible = 0;
			defaultConfigurationName = Release;
		};
		5B0589691D104DF7002853B0 /* Build configuration list for PBXNativeTarget "FunlabStuff" */ = {
			isa = XCConfigurationList;
			buildConfigurations = (
				5B05896A1D104DF7002853B0 /* Debug */,
				5B05896B1D104DF7002853B0 /* Release */,
			);
			defaultConfigurationIsVisible = 0;
		};
/* End XCConfigurationList section */
	};
	rootObject = 5B05894F1D104DF7002853B0 /* Project object */;
}
